
Microsoft Visual Studio Solution File, Format Version 12.00
# Visual Studio Version 17
VisualStudioVersion = 17.0.32014.148
MinimumVisualStudioVersion = 10.0.40219.1
Project("{FAE04EC0-301F-11D3-BF4B-00C04F79EFBC}") = "Modul8_FinaleTask1", "Modul8_FinaleTask1.csproj", "{AE764321-EA14-4949-8A3D-9438AF8D4549}"
EndProject
Project("{FAE04EC0-301F-11D3-BF4B-00C04F79EFBC}") = "Modul8_FinaleTask2", "..\Modul8_FinaleTask2\Modul8_FinaleTask2.csproj", "{CA96998C-9E67-4CE7-8796-DEC73E1D2B9B}"
EndProject
Project("{FAE04EC0-301F-11D3-BF4B-00C04F79EFBC}") = "Modul8_Task3", "..\Modul8_Task3\Modul8_Task3.csproj", "{9F88BDB8-1BFC-45CC-BA8F-FBFBEFBFA6DD}"
EndProject
Global
	GlobalSection(SolutionConfigurationPlatforms) = preSolution
		Debug|Any CPU = Debug|Any CPU
		Release|Any CPU = Release|Any CPU
	EndGlobalSection
	GlobalSection(ProjectConfigurationPlatforms) = postSolution
		{AE764321-EA14-4949-8A3D-9438AF8D4549}.Debug|Any CPU.ActiveCfg = Debug|Any CPU
		{AE764321-EA14-4949-8A3D-9438AF8D4549}.Debug|Any CPU.Build.0 = Debug|Any CPU
		{AE764321-EA14-4949-8A3D-9438AF8D4549}.Release|Any CPU.ActiveCfg = Release|Any CPU
		{AE764321-EA14-4949-8A3D-9438AF8D4549}.Release|Any CPU.Build.0 = Release|Any CPU
		{CA96998C-9E67-4CE7-8796-DEC73E1D2B9B}.Debug|Any CPU.ActiveCfg = Debug|Any CPU
		{CA96998C-9E67-4CE7-8796-DEC73E1D2B9B}.Debug|Any CPU.Build.0 = Debug|Any CPU
		{CA96998C-9E67-4CE7-8796-DEC73E1D2B9B}.Release|Any CPU.ActiveCfg = Release|Any CPU
		{CA96998C-9E67-4CE7-8796-DEC73E1D2B9B}.Release|Any CPU.Build.0 = Release|Any CPU
		{9F88BDB8-1BFC-45CC-BA8F-FBFBEFBFA6DD}.Debug|Any CPU.ActiveCfg = Debug|Any CPU
		{9F88BDB8-1BFC-45CC-BA8F-FBFBEFBFA6DD}.Debug|Any CPU.Build.0 = Debug|Any CPU
		{9F88BDB8-1BFC-45CC-BA8F-FBFBEFBFA6DD}.Release|Any CPU.ActiveCfg = Release|Any CPU
		{9F88BDB8-1BFC-45CC-BA8F-FBFBEFBFA6DD}.Release|Any CPU.Build.0 = Release|Any CPU
	EndGlobalSection
	GlobalSection(SolutionProperties) = preSolution
		HideSolutionNode = FALSE
	EndGlobalSection
	GlobalSection(ExtensibilityGlobals) = postSolution
		SolutionGuid = {2CAF9D19-1E1C-49F7-A148-5A9F76814530}
	EndGlobalSection
EndGlobal
